
Microsoft Visual Studio Solution File, Format Version 12.00
# Visual Studio Version 17
VisualStudioVersion = 17.8.34511.84
MinimumVisualStudioVersion = 10.0.40219.1
Project("{FAE04EC0-301F-11D3-BF4B-00C04F79EFBC}") = "PR-21.102_Plotnikov_3", "PR-21.102_Plotnikov_3.csproj", "{1DF87795-0A5E-40F5-9EA8-955E02057A0C}"
EndProject
Global
	GlobalSection(SolutionConfigurationPlatforms) = preSolution
		Debug|Any CPU = Debug|Any CPU
		Release|Any CPU = Release|Any CPU
	EndGlobalSection
	GlobalSection(ProjectConfigurationPlatforms) = postSolution
		{1DF87795-0A5E-40F5-9EA8-955E02057A0C}.Debug|Any CPU.ActiveCfg = Debug|Any CPU
		{1DF87795-0A5E-40F5-9EA8-955E02057A0C}.Debug|Any CPU.Build.0 = Debug|Any CPU
		{1DF87795-0A5E-40F5-9EA8-955E02057A0C}.Release|Any CPU.ActiveCfg = Release|Any CPU
		{1DF87795-0A5E-40F5-9EA8-955E02057A0C}.Release|Any CPU.Build.0 = Release|Any CPU
	EndGlobalSection
	GlobalSection(SolutionProperties) = preSolution
		HideSolutionNode = FALSE
	EndGlobalSection
	GlobalSection(ExtensibilityGlobals) = postSolution
		SolutionGuid = {A81234F3-CCAB-4A24-B8BF-215A9F6FD4F6}
	EndGlobalSection
EndGlobal
